
Microsoft Visual Studio Solution File, Format Version 12.00
# Visual Studio 2012
Project("{FAE04EC0-301F-11D3-BF4B-00C04F79EFBC}") = "Mojosol", "Mojosol\Mojosol.csproj", "{32CB1177-03FD-459A-8CF1-B86A9D031EFF}"
EndProject
Global
	GlobalSection(SolutionConfigurationPlatforms) = preSolution
		Debug|Any CPU = Debug|Any CPU
		Release|Any CPU = Release|Any CPU
	EndGlobalSection
	GlobalSection(ProjectConfigurationPlatforms) = postSolution
		{32CB1177-03FD-459A-8CF1-B86A9D031EFF}.Debug|Any CPU.ActiveCfg = Debug|Any CPU
		{32CB1177-03FD-459A-8CF1-B86A9D031EFF}.Debug|Any CPU.Build.0 = Debug|Any CPU
		{32CB1177-03FD-459A-8CF1-B86A9D031EFF}.Release|Any CPU.ActiveCfg = Release|Any CPU
		{32CB1177-03FD-459A-8CF1-B86A9D031EFF}.Release|Any CPU.Build.0 = Release|Any CPU
	EndGlobalSection
	GlobalSection(SolutionProperties) = preSolution
		HideSolutionNode = FALSE
	EndGlobalSection
EndGlobal
